
Microsoft Visual Studio Solution File, Format Version 12.00
# Visual Studio 14
VisualStudioVersion = 14.0.23107.0
MinimumVisualStudioVersion = 10.0.40219.1
Project("{FAE04EC0-301F-11D3-BF4B-00C04F79EFBC}") = "Tarea01", "Tarea01\Tarea01.csproj", "{C687878F-C257-42A6-9D52-AC47D2F797E7}"
EndProject
Project("{FAE04EC0-301F-11D3-BF4B-00C04F79EFBC}") = "CapturaDato", "CapturaDato\CapturaDato.csproj", "{9C996E77-2D34-4021-A353-04369E9312B4}"
EndProject
Project("{FAE04EC0-301F-11D3-BF4B-00C04F79EFBC}") = "Suma", "Suma\Suma.csproj", "{CF63DEBD-5A8B-4DA2-B6AA-59CFE1132A6D}"
EndProject
Project("{FAE04EC0-301F-11D3-BF4B-00C04F79EFBC}") = "Resta", "Resta\Resta.csproj", "{A3A78103-9153-4846-B0F4-F7246E78B5FD}"
EndProject
Project("{FAE04EC0-301F-11D3-BF4B-00C04F79EFBC}") = "Multiplicacion", "Multiplicacion\Multiplicacion.csproj", "{9CB55235-2BCB-49FC-9303-1C09C52B4186}"
EndProject
Project("{FAE04EC0-301F-11D3-BF4B-00C04F79EFBC}") = "Division", "Division\Division.csproj", "{07F09029-4337-4004-B88E-128FA6442155}"
EndProject
Project("{FAE04EC0-301F-11D3-BF4B-00C04F79EFBC}") = "Resultados", "Resultados\Resultados.csproj", "{181EB189-E211-4A1E-9373-7C77E9D24C1C}"
EndProject
Global
	GlobalSection(SolutionConfigurationPlatforms) = preSolution
		Debug|Any CPU = Debug|Any CPU
		Release|Any CPU = Release|Any CPU
	EndGlobalSection
	GlobalSection(ProjectConfigurationPlatforms) = postSolution
		{C687878F-C257-42A6-9D52-AC47D2F797E7}.Debug|Any CPU.ActiveCfg = Debug|Any CPU
		{C687878F-C257-42A6-9D52-AC47D2F797E7}.Debug|Any CPU.Build.0 = Debug|Any CPU
		{C687878F-C257-42A6-9D52-AC47D2F797E7}.Release|Any CPU.ActiveCfg = Release|Any CPU
		{C687878F-C257-42A6-9D52-AC47D2F797E7}.Release|Any CPU.Build.0 = Release|Any CPU
		{9C996E77-2D34-4021-A353-04369E9312B4}.Debug|Any CPU.ActiveCfg = Debug|Any CPU
		{9C996E77-2D34-4021-A353-04369E9312B4}.Debug|Any CPU.Build.0 = Debug|Any CPU
		{9C996E77-2D34-4021-A353-04369E9312B4}.Release|Any CPU.ActiveCfg = Release|Any CPU
		{9C996E77-2D34-4021-A353-04369E9312B4}.Release|Any CPU.Build.0 = Release|Any CPU
		{CF63DEBD-5A8B-4DA2-B6AA-59CFE1132A6D}.Debug|Any CPU.ActiveCfg = Debug|Any CPU
		{CF63DEBD-5A8B-4DA2-B6AA-59CFE1132A6D}.Debug|Any CPU.Build.0 = Debug|Any CPU
		{CF63DEBD-5A8B-4DA2-B6AA-59CFE1132A6D}.Release|Any CPU.ActiveCfg = Release|Any CPU
		{CF63DEBD-5A8B-4DA2-B6AA-59CFE1132A6D}.Release|Any CPU.Build.0 = Release|Any CPU
		{A3A78103-9153-4846-B0F4-F7246E78B5FD}.Debug|Any CPU.ActiveCfg = Debug|Any CPU
		{A3A78103-9153-4846-B0F4-F7246E78B5FD}.Debug|Any CPU.Build.0 = Debug|Any CPU
		{A3A78103-9153-4846-B0F4-F7246E78B5FD}.Release|Any CPU.ActiveCfg = Release|Any CPU
		{A3A78103-9153-4846-B0F4-F7246E78B5FD}.Release|Any CPU.Build.0 = Release|Any CPU
		{9CB55235-2BCB-49FC-9303-1C09C52B4186}.Debug|Any CPU.ActiveCfg = Debug|Any CPU
		{9CB55235-2BCB-49FC-9303-1C09C52B4186}.Debug|Any CPU.Build.0 = Debug|Any CPU
		{9CB55235-2BCB-49FC-9303-1C09C52B4186}.Release|Any CPU.ActiveCfg = Release|Any CPU
		{9CB55235-2BCB-49FC-9303-1C09C52B4186}.Release|Any CPU.Build.0 = Release|Any CPU
		{07F09029-4337-4004-B88E-128FA6442155}.Debug|Any CPU.ActiveCfg = Debug|Any CPU
		{07F09029-4337-4004-B88E-128FA6442155}.Debug|Any CPU.Build.0 = Debug|Any CPU
		{07F09029-4337-4004-B88E-128FA6442155}.Release|Any CPU.ActiveCfg = Release|Any CPU
		{07F09029-4337-4004-B88E-128FA6442155}.Release|Any CPU.Build.0 = Release|Any CPU
		{181EB189-E211-4A1E-9373-7C77E9D24C1C}.Debug|Any CPU.ActiveCfg = Debug|Any CPU
		{181EB189-E211-4A1E-9373-7C77E9D24C1C}.Debug|Any CPU.Build.0 = Debug|Any CPU
		{181EB189-E211-4A1E-9373-7C77E9D24C1C}.Release|Any CPU.ActiveCfg = Release|Any CPU
		{181EB189-E211-4A1E-9373-7C77E9D24C1C}.Release|Any CPU.Build.0 = Release|Any CPU
	EndGlobalSection
	GlobalSection(SolutionProperties) = preSolution
		HideSolutionNode = FALSE
	EndGlobalSection
EndGlobal
